{
  "originHash" : "e0ed9feb77f71b90eae741e538f608af60a427ca6e1d03694f52278f05dc6379",
  "pins" : [
    {
      "identity" : "liter-llm",
      "kind" : "remoteSourceControl",
      "location" : "https://github.com/xberg-io/liter-llm",
      "state" : {
        "branch" : "release/swift/2.0.0",
        "revision" : "c2fd4cc7c7a58f382556815b820bd3a25e0a9cbb"
      }
    }
  ],
  "version" : 3
}
